<?xml version="1.0" encoding="utf-8"?>
<Project ToolsVersion="4.0" xmlns="http://schemas.microsoft.com/developer/msbuild/2003">
  <ItemGroup>
    <Filter Include="Source Files">
      <UniqueIdentifier>{ed3c3295-c16c-42d7-9bdd-41566e179ca2}</UniqueIdentifier>
      <Extensions>cpp;c;cxx;rc;def;r;odl;idl;hpj;bat</Extensions>
    </Filter>
    <Filter Include="Header Files">
      <UniqueIdentifier>{36bd07e3-2ed0-4d23-b382-fcd8f6004643}</UniqueIdentifier>
      <Extensions>h;hpp;hxx;hm;inl</Extensions>
    </Filter>
    <Filter Include="Resource Files">
      <UniqueIdentifier>{b0b2648b-b1ef-4c9f-812e-a613e0f18e22}</UniqueIdentifier>
      <Extensions>ico;cur;bmp;dlg;rc2;rct;bin;cnt;rtf;gif;jpg;jpeg;jpe</Extensions>
    </Filter>
  </ItemGroup>
  <ItemGroup>
    <ClCompile Include="843.cpp">
      <Filter>Source Files</Filter>
    </ClCompile>
    <ClCompile Include="BinDialog.cpp">
      <Filter>Source Files</Filter>
    </ClCompile>
    <ClCompile Include="ChildFrm.cpp">
      <Filter>Source Files</Filter>
    </ClCompile>
    <ClCompile Include="DimDialog.cpp">
      <Filter>Source Files</Filter>
    </ClCompile>
    <ClCompile Include="DurationDialog.cpp">
      <Filter>Source Files</Filter>
    </ClCompile>
    <ClCompile Include="FinishTime.cpp">
      <Filter>Source Files</Filter>
    </ClCompile>
    <ClCompile Include="GainDialog.cpp">
      <Filter>Source Files</Filter>
    </ClCompile>
    <ClCompile Include="Geometry.cpp">
      <Filter>Source Files</Filter>
    </ClCompile>
    <ClCompile Include="LOG.CPP">
      <Filter>Source Files</Filter>
    </ClCompile>
    <ClCompile Include="MagDialog.cpp">
      <Filter>Source Files</Filter>
    </ClCompile>
    <ClCompile Include="MainFrm.cpp">
      <Filter>Source Files</Filter>
    </ClCompile>
    <ClCompile Include="MuCat.cpp">
      <Filter>Source Files</Filter>
    </ClCompile>
    <ClCompile Include="MuCatDoc.cpp">
      <Filter>Source Files</Filter>
    </ClCompile>
    <ClCompile Include="MuCatView.cpp">
      <Filter>Source Files</Filter>
    </ClCompile>
    <ClCompile Include="PauseDialog.cpp">
      <Filter>Source Files</Filter>
    </ClCompile>
    <ClCompile Include="PositionDialog.cpp">
      <Filter>Source Files</Filter>
    </ClCompile>
    <ClCompile Include="SpecDialog.cpp">
      <Filter>Source Files</Filter>
    </ClCompile>
    <ClCompile Include="Splash.cpp">
      <Filter>Source Files</Filter>
    </ClCompile>
    <ClCompile Include="StdAfx.cpp">
      <Filter>Source Files</Filter>
    </ClCompile>
    <ClCompile Include="StopDialog.cpp">
      <Filter>Source Files</Filter>
    </ClCompile>
    <ClCompile Include="XrayDialog.cpp">
      <Filter>Source Files</Filter>
    </ClCompile>
    <ClCompile Include="XrayRestartDialog.cpp">
      <Filter>Source Files</Filter>
    </ClCompile>
    <ClCompile Include="ZoomDialog.cpp">
      <Filter>Source Files</Filter>
    </ClCompile>
    <ClCompile Include="SI1100.cpp">
      <Filter>Source Files</Filter>
    </ClCompile>
  </ItemGroup>
  <ItemGroup>
    <ClInclude Include="843.h">
      <Filter>Source Files</Filter>
    </ClInclude>
    <ClInclude Include="DimDialog.h">
      <Filter>Source Files</Filter>
    </ClInclude>
    <ClInclude Include="BinDialog.h">
      <Filter>Header Files</Filter>
    </ClInclude>
    <ClInclude Include="C843ProfileVars.h">
      <Filter>Header Files</Filter>
    </ClInclude>
    <ClInclude Include="ChildFrm.h">
      <Filter>Header Files</Filter>
    </ClInclude>
    <ClInclude Include="DurationDialog.h">
      <Filter>Header Files</Filter>
    </ClInclude>
    <ClInclude Include="FinishTime.h">
      <Filter>Header Files</Filter>
    </ClInclude>
    <ClInclude Include="GainDialog.h">
      <Filter>Header Files</Filter>
    </ClInclude>
    <ClInclude Include="Geometry.h">
      <Filter>Header Files</Filter>
    </ClInclude>
    <ClInclude Include="LOG.H">
      <Filter>Header Files</Filter>
    </ClInclude>
    <ClInclude Include="MagDialog.h">
      <Filter>Header Files</Filter>
    </ClInclude>
    <ClInclude Include="MainFrm.h">
      <Filter>Header Files</Filter>
    </ClInclude>
    <ClInclude Include="MuCat.h">
      <Filter>Header Files</Filter>
    </ClInclude>
    <ClInclude Include="MuCatDoc.h">
      <Filter>Header Files</Filter>
    </ClInclude>
    <ClInclude Include="MuCatView.h">
      <Filter>Header Files</Filter>
    </ClInclude>
    <ClInclude Include="PauseDialog.h">
      <Filter>Header Files</Filter>
    </ClInclude>
    <ClInclude Include="PositionDialog.h">
      <Filter>Header Files</Filter>
    </ClInclude>
    <ClInclude Include="Resource.h">
      <Filter>Header Files</Filter>
    </ClInclude>
    <ClInclude Include="SpecDialog.h">
      <Filter>Header Files</Filter>
    </ClInclude>
    <ClInclude Include="Splash.h">
      <Filter>Header Files</Filter>
    </ClInclude>
    <ClInclude Include="StdAfx.h">
      <Filter>Header Files</Filter>
    </ClInclude>
    <ClInclude Include="Stop.h">
      <Filter>Header Files</Filter>
    </ClInclude>
    <ClInclude Include="StopDialog.h">
      <Filter>Header Files</Filter>
    </ClInclude>
    <ClInclude Include="XrayDialog.h">
      <Filter>Header Files</Filter>
    </ClInclude>
    <ClInclude Include="XrayRestartDialog.h">
      <Filter>Header Files</Filter>
    </ClInclude>
    <ClInclude Include="ZoomDialog.h">
      <Filter>Header Files</Filter>
    </ClInclude>
    <ClInclude Include="SI1100.h">
      <Filter>Header Files</Filter>
    </ClInclude>
    <ClInclude Include="convert.h">
      <Filter>Header Files</Filter>
    </ClInclude>
  </ItemGroup>
  <ItemGroup>
    <ResourceCompile Include="MuCat.rc">
      <Filter>Source Files</Filter>
    </ResourceCompile>
  </ItemGroup>
  <ItemGroup>
    <None Include="res\MuCat.ico">
      <Filter>Resource Files</Filter>
    </None>
    <None Include="res\MuCatDoc.ico">
      <Filter>Resource Files</Filter>
    </None>
    <None Include="Splsh16.bmp">
      <Filter>Resource Files</Filter>
    </None>
    <None Include="res\Toolbar.bmp">
      <Filter>Resource Files</Filter>
    </None>
    <None Include="MuCat.reg" />
    <None Include="ReadMe.txt" />
    <None Include="ClassDiagram1.cd" />
    <None Include="res\icon1.ico">
      <Filter>Resource Files</Filter>
    </None>
  </ItemGroup>
  <ItemGroup>
    <Library Include="MC.lib" />
  </ItemGroup>
</Project>